
Microsoft Visual Studio Solution File, Format Version 12.00
# Visual Studio Version 17
VisualStudioVersion = 17.5.33502.453
MinimumVisualStudioVersion = 10.0.40219.1
Project("{FAE04EC0-301F-11D3-BF4B-00C04F79EFBC}") = "FruitSA_Dev_Test.DAL", "FruitSA_Dev_Test.DAL\FruitSA_Dev_Test.DAL.csproj", "{B414C4DA-B902-400E-941A-33053A942CA6}"
EndProject
Project("{FAE04EC0-301F-11D3-BF4B-00C04F79EFBC}") = "FruitSA_Dev_Test.BLL", "FruitSA_Dev_Test.BLL\FruitSA_Dev_Test.BLL.csproj", "{27BB7E93-F895-46BB-9980-97D8F2CD1D63}"
EndProject
Project("{FAE04EC0-301F-11D3-BF4B-00C04F79EFBC}") = "FruitSA_Dev_Test.PL", "FruitSA_Dev_Test.PL\FruitSA_Dev_Test.PL.csproj", "{5145DB84-52DD-49E9-986E-4BD4B3DABA15}"
EndProject
Project("{FAE04EC0-301F-11D3-BF4B-00C04F79EFBC}") = "FruitSA_Dev_Test.API", "FruitSA_Dev_Test.API\FruitSA_Dev_Test.API.csproj", "{20672928-FA00-499E-9A5B-761EDBFBF60C}"
EndProject
Global
	GlobalSection(SolutionConfigurationPlatforms) = preSolution
		Debug|Any CPU = Debug|Any CPU
		Release|Any CPU = Release|Any CPU
	EndGlobalSection
	GlobalSection(ProjectConfigurationPlatforms) = postSolution
		{B414C4DA-B902-400E-941A-33053A942CA6}.Debug|Any CPU.ActiveCfg = Debug|Any CPU
		{B414C4DA-B902-400E-941A-33053A942CA6}.Debug|Any CPU.Build.0 = Debug|Any CPU
		{B414C4DA-B902-400E-941A-33053A942CA6}.Release|Any CPU.ActiveCfg = Release|Any CPU
		{B414C4DA-B902-400E-941A-33053A942CA6}.Release|Any CPU.Build.0 = Release|Any CPU
		{27BB7E93-F895-46BB-9980-97D8F2CD1D63}.Debug|Any CPU.ActiveCfg = Debug|Any CPU
		{27BB7E93-F895-46BB-9980-97D8F2CD1D63}.Debug|Any CPU.Build.0 = Debug|Any CPU
		{27BB7E93-F895-46BB-9980-97D8F2CD1D63}.Release|Any CPU.ActiveCfg = Release|Any CPU
		{27BB7E93-F895-46BB-9980-97D8F2CD1D63}.Release|Any CPU.Build.0 = Release|Any CPU
		{5145DB84-52DD-49E9-986E-4BD4B3DABA15}.Debug|Any CPU.ActiveCfg = Debug|Any CPU
		{5145DB84-52DD-49E9-986E-4BD4B3DABA15}.Debug|Any CPU.Build.0 = Debug|Any CPU
		{5145DB84-52DD-49E9-986E-4BD4B3DABA15}.Release|Any CPU.ActiveCfg = Release|Any CPU
		{5145DB84-52DD-49E9-986E-4BD4B3DABA15}.Release|Any CPU.Build.0 = Release|Any CPU
		{20672928-FA00-499E-9A5B-761EDBFBF60C}.Debug|Any CPU.ActiveCfg = Debug|Any CPU
		{20672928-FA00-499E-9A5B-761EDBFBF60C}.Debug|Any CPU.Build.0 = Debug|Any CPU
		{20672928-FA00-499E-9A5B-761EDBFBF60C}.Release|Any CPU.ActiveCfg = Release|Any CPU
		{20672928-FA00-499E-9A5B-761EDBFBF60C}.Release|Any CPU.Build.0 = Release|Any CPU
	EndGlobalSection
	GlobalSection(SolutionProperties) = preSolution
		HideSolutionNode = FALSE
	EndGlobalSection
	GlobalSection(ExtensibilityGlobals) = postSolution
		SolutionGuid = {52430AC6-A224-4BBC-8233-44514E8EFF97}
	EndGlobalSection
EndGlobal
